{
  "projects": [
    {
      "projectId": "3qkYNELke6qp7oK9m4xpSm",
      "version": "latest",
      "dependencies": {},
      "lang": "js",
      "fileLocks": [
        {
          "type": "globalVariant",
          "assetId": "E_9BHVw5F9vy",
          "checksum": "214058a120d1b36947579b6e95c13d85"
        },
        {
          "assetId": "3qkYNELke6qp7oK9m4xpSm",
          "type": "projectCss",
          "checksum": "8004d139bc03b6c85e1025c5275b95b4"
        },
        {
          "type": "renderModule",
          "assetId": "B3eAab7HweLe",
          "checksum": "05550d05c400c3d1c106873a7683b77e"
        },
        {
          "type": "cssRules",
          "assetId": "B3eAab7HweLe",
          "checksum": "05550d05c400c3d1c106873a7683b77e"
        },
        {
          "type": "renderModule",
          "assetId": "iOPFZS1Ntq",
          "checksum": "4af1abd3ad5cbc08b03aa584ad3bc015"
        },
        {
          "type": "cssRules",
          "assetId": "iOPFZS1Ntq",
          "checksum": "4af1abd3ad5cbc08b03aa584ad3bc015"
        }
      ]
    }
  ],
  "cliVersion": "0.1.154"
}
